// !$*UTF8*$!
{
	archiveVersion = 1;
	classes = {
	};
	objectVersion = 48;
	objects = {

/* Begin PBXBuildFile section */
		3533899B202F8B03003CDE45 /* AppDelegate.swift in Sources */ = {isa = PBXBuildFile; fileRef = 3533899A202F8B03003CDE45 /* AppDelegate.swift */; };
		3533899D202F8B03003CDE45 /* ViewController.swift in Sources */ = {isa = PBXBuildFile; fileRef = 3533899C202F8B03003CDE45 /* ViewController.swift */; };
		353389A0202F8B03003CDE45 /* Main.storyboard in Resources */ = {isa = PBXBuildFile; fileRef = 3533899E202F8B03003CDE45 /* Main.storyboard */; };
		353389A2202F8B03003CDE45 /* Assets.xcassets in Resources */ = {isa = PBXBuildFile; fileRef = 353389A1202F8B03003CDE45 /* Assets.xcassets */; };
		353389A5202F8B03003CDE45 /* LaunchScreen.storyboard in Resources */ = {isa = PBXBuildFile; fileRef = 353389A3202F8B03003CDE45 /* LaunchScreen.storyboard */; };
		353389B0202F8B03003CDE45 /* BeaconNotificationsTests.swift in Sources */ = {isa = PBXBuildFile; fileRef = 353389AF202F8B03003CDE45 /* BeaconNotificationsTests.swift */; };
		354BE1D4203DE1A800355A6F /* CoreDataStack.swift in Sources */ = {isa = PBXBuildFile; fileRef = 354BE1D3203DE1A800355A6F /* CoreDataStack.swift */; };
		354BE1D6203DE26D00355A6F /* Constants.swift in Sources */ = {isa = PBXBuildFile; fileRef = 354BE1D5203DE26D00355A6F /* Constants.swift */; };
		354BE1D8203DE37D00355A6F /* FileManager+Extensions.swift in Sources */ = {isa = PBXBuildFile; fileRef = 354BE1D7203DE37D00355A6F /* FileManager+Extensions.swift */; };
		354BE1DB203DE43000355A6F /* DataModel.xcdatamodeld in Sources */ = {isa = PBXBuildFile; fileRef = 354BE1D9203DE43000355A6F /* DataModel.xcdatamodeld */; };
		354BE1DE203DE46100355A6F /* Image+CoreDataClass.swift in Sources */ = {isa = PBXBuildFile; fileRef = 354BE1DC203DE46100355A6F /* Image+CoreDataClass.swift */; };
		354BE1DF203DE46100355A6F /* Image+CoreDataProperties.swift in Sources */ = {isa = PBXBuildFile; fileRef = 354BE1DD203DE46100355A6F /* Image+CoreDataProperties.swift */; };
		354BE1E0203DE46500355A6F /* Image+CoreDataProperties.swift in Sources */ = {isa = PBXBuildFile; fileRef = 354BE1DD203DE46100355A6F /* Image+CoreDataProperties.swift */; };
		354BE1E1203DE46E00355A6F /* Image+CoreDataClass.swift in Sources */ = {isa = PBXBuildFile; fileRef = 354BE1DC203DE46100355A6F /* Image+CoreDataClass.swift */; };
		354BE1E3203F347400355A6F /* ImageRepository.swift in Sources */ = {isa = PBXBuildFile; fileRef = 354BE1E2203F347400355A6F /* ImageRepository.swift */; };
		3557ED3D203856EB008DEB28 /* NotificationManager.swift in Sources */ = {isa = PBXBuildFile; fileRef = 3557ED3C203856EB008DEB28 /* NotificationManager.swift */; };
		3557ED3F20385B9C008DEB28 /* BeaconRegionNotificationScheduler.swift in Sources */ = {isa = PBXBuildFile; fileRef = 3557ED3E20385B9C008DEB28 /* BeaconRegionNotificationScheduler.swift */; };
		3558B9A5204082F4006B1C38 /* TabBarController.swift in Sources */ = {isa = PBXBuildFile; fileRef = 3558B9A4204082F4006B1C38 /* TabBarController.swift */; };
		3558B9A720408339006B1C38 /* BeaconListViewController.swift in Sources */ = {isa = PBXBuildFile; fileRef = 3558B9A620408339006B1C38 /* BeaconListViewController.swift */; };
		35A91ECA2041B3A100219B78 /* BeaconRegion+CoreDataClass.swift in Sources */ = {isa = PBXBuildFile; fileRef = 35A91EC82041B3A100219B78 /* BeaconRegion+CoreDataClass.swift */; };
		35A91ECB2041B3A100219B78 /* BeaconRegion+CoreDataProperties.swift in Sources */ = {isa = PBXBuildFile; fileRef = 35A91EC92041B3A100219B78 /* BeaconRegion+CoreDataProperties.swift */; };
		35C3C5DB20304B95004B1139 /* UserNotifications.framework in Frameworks */ = {isa = PBXBuildFile; fileRef = 35C3C5DA20304B95004B1139 /* UserNotifications.framework */; };
		35C3C5DD20304B95004B1139 /* UserNotificationsUI.framework in Frameworks */ = {isa = PBXBuildFile; fileRef = 35C3C5DC20304B95004B1139 /* UserNotificationsUI.framework */; };
		35C3C5E020304B95004B1139 /* NotificationViewController.swift in Sources */ = {isa = PBXBuildFile; fileRef = 35C3C5DF20304B95004B1139 /* NotificationViewController.swift */; };
		35C3C5E320304B95004B1139 /* MainInterface.storyboard in Resources */ = {isa = PBXBuildFile; fileRef = 35C3C5E120304B95004B1139 /* MainInterface.storyboard */; };
		35C3C5E720304B95004B1139 /* NotificationContentExtension.appex in Embed App Extensions */ = {isa = PBXBuildFile; fileRef = 35C3C5D820304B95004B1139 /* NotificationContentExtension.appex */; settings = {ATTRIBUTES = (RemoveHeadersOnCopy, ); }; };
		35F186262030381700C68085 /* BeaconMonitor.swift in Sources */ = {isa = PBXBuildFile; fileRef = 35F186252030381700C68085 /* BeaconMonitor.swift */; };
/* End PBXBuildFile section */

/* Begin PBXContainerItemProxy section */
		353389AC202F8B03003CDE45 /* PBXContainerItemProxy */ = {
			isa = PBXContainerItemProxy;
			containerPortal = 3533898F202F8B03003CDE45 /* Project object */;
			proxyType = 1;
			remoteGlobalIDString = 35338996202F8B03003CDE45;
			remoteInfo = BeaconNotifications;
		};
		35C3C5E520304B95004B1139 /* PBXContainerItemProxy */ = {
			isa = PBXContainerItemProxy;
			containerPortal = 3533898F202F8B03003CDE45 /* Project object */;
			proxyType = 1;
			remoteGlobalIDString = 35C3C5D720304B95004B1139;
			remoteInfo = NotificationContentExtension;
		};
/* End PBXContainerItemProxy section */

/* Begin PBXCopyFilesBuildPhase section */
		35C3C5EB20304B95004B1139 /* Embed App Extensions */ = {
			isa = PBXCopyFilesBuildPhase;
			buildActionMask = 2147483647;
			dstPath = "";
			dstSubfolderSpec = 13;
			files = (
				35C3C5E720304B95004B1139 /* NotificationContentExtension.appex in Embed App Extensions */,
			);
			name = "Embed App Extensions";
			runOnlyForDeploymentPostprocessing = 0;
		};
/* End PBXCopyFilesBuildPhase section */

/* Begin PBXFileReference section */
		35338997202F8B03003CDE45 /* BeaconNotifications.app */ = {isa = PBXFileReference; explicitFileType = wrapper.application; includeInIndex = 0; path = BeaconNotifications.app; sourceTree = BUILT_PRODUCTS_DIR; };
		3533899A202F8B03003CDE45 /* AppDelegate.swift */ = {isa = PBXFileReference; lastKnownFileType = sourcecode.swift; path = AppDelegate.swift; sourceTree = "<group>"; };
		3533899C202F8B03003CDE45 /* ViewController.swift */ = {isa = PBXFileReference; lastKnownFileType = sourcecode.swift; path = ViewController.swift; sourceTree = "<group>"; };
		3533899F202F8B03003CDE45 /* Base */ = {isa = PBXFileReference; lastKnownFileType = file.storyboard; name = Base; path = Base.lproj/Main.storyboard; sourceTree = "<group>"; };
		353389A1202F8B03003CDE45 /* Assets.xcassets */ = {isa = PBXFileReference; lastKnownFileType = folder.assetcatalog; path = Assets.xcassets; sourceTree = "<group>"; };
		353389A4202F8B03003CDE45 /* Base */ = {isa = PBXFileReference; lastKnownFileType = file.storyboard; name = Base; path = Base.lproj/LaunchScreen.storyboard; sourceTree = "<group>"; };
		353389A6202F8B03003CDE45 /* Info.plist */ = {isa = PBXFileReference; lastKnownFileType = text.plist.xml; path = Info.plist; sourceTree = "<group>"; };
		353389AB202F8B03003CDE45 /* BeaconNotificationsTests.xctest */ = {isa = PBXFileReference; explicitFileType = wrapper.cfbundle; includeInIndex = 0; path = BeaconNotificationsTests.xctest; sourceTree = BUILT_PRODUCTS_DIR; };
		353389AF202F8B03003CDE45 /* BeaconNotificationsTests.swift */ = {isa = PBXFileReference; lastKnownFileType = sourcecode.swift; path = BeaconNotificationsTests.swift; sourceTree = "<group>"; };
		353389B1202F8B03003CDE45 /* Info.plist */ = {isa = PBXFileReference; lastKnownFileType = text.plist.xml; path = Info.plist; sourceTree = "<group>"; };
		354BE1D0203DE13200355A6F /* BeaconNotifications.entitlements */ = {isa = PBXFileReference; lastKnownFileType = text.plist.entitlements; path = BeaconNotifications.entitlements; sourceTree = "<group>"; };
		354BE1D1203DE14A00355A6F /* NotificationContentExtension.entitlements */ = {isa = PBXFileReference; lastKnownFileType = text.plist.entitlements; path = NotificationContentExtension.entitlements; sourceTree = "<group>"; };
		354BE1D3203DE1A800355A6F /* CoreDataStack.swift */ = {isa = PBXFileReference; lastKnownFileType = sourcecode.swift; path = CoreDataStack.swift; sourceTree = "<group>"; };
		354BE1D5203DE26D00355A6F /* Constants.swift */ = {isa = PBXFileReference; lastKnownFileType = sourcecode.swift; path = Constants.swift; sourceTree = "<group>"; };
		354BE1D7203DE37D00355A6F /* FileManager+Extensions.swift */ = {isa = PBXFileReference; lastKnownFileType = sourcecode.swift; path = "FileManager+Extensions.swift"; sourceTree = "<group>"; };
		354BE1DA203DE43000355A6F /* DataModel.xcdatamodel */ = {isa = PBXFileReference; lastKnownFileType = wrapper.xcdatamodel; path = DataModel.xcdatamodel; sourceTree = "<group>"; };
		354BE1DC203DE46100355A6F /* Image+CoreDataClass.swift */ = {isa = PBXFileReference; lastKnownFileType = sourcecode.swift; path = "Image+CoreDataClass.swift"; sourceTree = "<group>"; };
		354BE1DD203DE46100355A6F /* Image+CoreDataProperties.swift */ = {isa = PBXFileReference; lastKnownFileType = sourcecode.swift; path = "Image+CoreDataProperties.swift"; sourceTree = "<group>"; };
		354BE1E2203F347400355A6F /* ImageRepository.swift */ = {isa = PBXFileReference; lastKnownFileType = sourcecode.swift; path = ImageRepository.swift; sourceTree = "<group>"; };
		3557ED3C203856EB008DEB28 /* NotificationManager.swift */ = {isa = PBXFileReference; lastKnownFileType = sourcecode.swift; path = NotificationManager.swift; sourceTree = "<group>"; };
		3557ED3E20385B9C008DEB28 /* BeaconRegionNotificationScheduler.swift */ = {isa = PBXFileReference; lastKnownFileType = sourcecode.swift; path = BeaconRegionNotificationScheduler.swift; sourceTree = "<group>"; };
		3558B9A4204082F4006B1C38 /* TabBarController.swift */ = {isa = PBXFileReference; lastKnownFileType = sourcecode.swift; path = TabBarController.swift; sourceTree = "<group>"; };
		3558B9A620408339006B1C38 /* BeaconListViewController.swift */ = {isa = PBXFileReference; lastKnownFileType = sourcecode.swift; path = BeaconListViewController.swift; sourceTree = "<group>"; };
		35A91EC82041B3A100219B78 /* BeaconRegion+CoreDataClass.swift */ = {isa = PBXFileReference; lastKnownFileType = sourcecode.swift; path = "BeaconRegion+CoreDataClass.swift"; sourceTree = "<group>"; };
		35A91EC92041B3A100219B78 /* BeaconRegion+CoreDataProperties.swift */ = {isa = PBXFileReference; lastKnownFileType = sourcecode.swift; path = "BeaconRegion+CoreDataProperties.swift"; sourceTree = "<group>"; };
		35C3C5D820304B95004B1139 /* NotificationContentExtension.appex */ = {isa = PBXFileReference; explicitFileType = "wrapper.app-extension"; includeInIndex = 0; path = NotificationContentExtension.appex; sourceTree = BUILT_PRODUCTS_DIR; };
		35C3C5DA20304B95004B1139 /* UserNotifications.framework */ = {isa = PBXFileReference; lastKnownFileType = wrapper.framework; name = UserNotifications.framework; path = System/Library/Frameworks/UserNotifications.framework; sourceTree = SDKROOT; };
		35C3C5DC20304B95004B1139 /* UserNotificationsUI.framework */ = {isa = PBXFileReference; lastKnownFileType = wrapper.framework; name = UserNotificationsUI.framework; path = System/Library/Frameworks/UserNotificationsUI.framework; sourceTree = SDKROOT; };
		35C3C5DF20304B95004B1139 /* NotificationViewController.swift */ = {isa = PBXFileReference; lastKnownFileType = sourcecode.swift; path = NotificationViewController.swift; sourceTree = "<group>"; };
		35C3C5E220304B95004B1139 /* Base */ = {isa = PBXFileReference; lastKnownFileType = file.storyboard; name = Base; path = Base.lproj/MainInterface.storyboard; sourceTree = "<group>"; };
		35C3C5E420304B95004B1139 /* Info.plist */ = {isa = PBXFileReference; lastKnownFileType = text.plist.xml; path = Info.plist; sourceTree = "<group>"; };
		35F186252030381700C68085 /* BeaconMonitor.swift */ = {isa = PBXFileReference; lastKnownFileType = sourcecode.swift; path = BeaconMonitor.swift; sourceTree = "<group>"; };
/* End PBXFileReference section */

/* Begin PBXFrameworksBuildPhase section */
		35338994202F8B03003CDE45 /* Frameworks */ = {
			isa = PBXFrameworksBuildPhase;
			buildActionMask = 2147483647;
			files = (
			);
			runOnlyForDeploymentPostprocessing = 0;
		};
		353389A8202F8B03003CDE45 /* Frameworks */ = {
			isa = PBXFrameworksBuildPhase;
			buildActionMask = 2147483647;
			files = (
			);
			runOnlyForDeploymentPostprocessing = 0;
		};
		35C3C5D520304B95004B1139 /* Frameworks */ = {
			isa = PBXFrameworksBuildPhase;
			buildActionMask = 2147483647;
			files = (
				35C3C5DD20304B95004B1139 /* UserNotificationsUI.framework in Frameworks */,
				35C3C5DB20304B95004B1139 /* UserNotifications.framework in Frameworks */,
			);
			runOnlyForDeploymentPostprocessing = 0;
		};
/* End PBXFrameworksBuildPhase section */

/* Begin PBXGroup section */
		3533898E202F8B03003CDE45 = {
			isa = PBXGroup;
			children = (
				35338999202F8B03003CDE45 /* BeaconNotifications */,
				353389AE202F8B03003CDE45 /* BeaconNotificationsTests */,
				35C3C5DE20304B95004B1139 /* NotificationContentExtension */,
				35C3C5D920304B95004B1139 /* Frameworks */,
				35338998202F8B03003CDE45 /* Products */,
			);
			sourceTree = "<group>";
		};
		35338998202F8B03003CDE45 /* Products */ = {
			isa = PBXGroup;
			children = (
				35338997202F8B03003CDE45 /* BeaconNotifications.app */,
				353389AB202F8B03003CDE45 /* BeaconNotificationsTests.xctest */,
				35C3C5D820304B95004B1139 /* NotificationContentExtension.appex */,
			);
			name = Products;
			sourceTree = "<group>";
		};
		35338999202F8B03003CDE45 /* BeaconNotifications */ = {
			isa = PBXGroup;
			children = (
				354BE1D2203DE19A00355A6F /* CoreData */,
				354BE1D0203DE13200355A6F /* BeaconNotifications.entitlements */,
				3533899A202F8B03003CDE45 /* AppDelegate.swift */,
				3533899C202F8B03003CDE45 /* ViewController.swift */,
				3533899E202F8B03003CDE45 /* Main.storyboard */,
				353389A1202F8B03003CDE45 /* Assets.xcassets */,
				353389A3202F8B03003CDE45 /* LaunchScreen.storyboard */,
				353389A6202F8B03003CDE45 /* Info.plist */,
				35F186252030381700C68085 /* BeaconMonitor.swift */,
				3557ED3C203856EB008DEB28 /* NotificationManager.swift */,
				3557ED3E20385B9C008DEB28 /* BeaconRegionNotificationScheduler.swift */,
				354BE1D5203DE26D00355A6F /* Constants.swift */,
				354BE1D7203DE37D00355A6F /* FileManager+Extensions.swift */,
				3558B9A4204082F4006B1C38 /* TabBarController.swift */,
				3558B9A620408339006B1C38 /* BeaconListViewController.swift */,
			);
			path = BeaconNotifications;
			sourceTree = "<group>";
		};
		353389AE202F8B03003CDE45 /* BeaconNotificationsTests */ = {
			isa = PBXGroup;
			children = (
				353389AF202F8B03003CDE45 /* BeaconNotificationsTests.swift */,
				353389B1202F8B03003CDE45 /* Info.plist */,
			);
			path = BeaconNotificationsTests;
			sourceTree = "<group>";
		};
		354BE1D2203DE19A00355A6F /* CoreData */ = {
			isa = PBXGroup;
			children = (
				35A91EC82041B3A100219B78 /* BeaconRegion+CoreDataClass.swift */,
				35A91EC92041B3A100219B78 /* BeaconRegion+CoreDataProperties.swift */,
				354BE1DC203DE46100355A6F /* Image+CoreDataClass.swift */,
				354BE1DD203DE46100355A6F /* Image+CoreDataProperties.swift */,
				354BE1D3203DE1A800355A6F /* CoreDataStack.swift */,
				354BE1D9203DE43000355A6F /* DataModel.xcdatamodeld */,
				354BE1E2203F347400355A6F /* ImageRepository.swift */,
			);
			path = CoreData;
			sourceTree = "<group>";
		};
		35C3C5D920304B95004B1139 /* Frameworks */ = {
			isa = PBXGroup;
			children = (
				35C3C5DA20304B95004B1139 /* UserNotifications.framework */,
				35C3C5DC20304B95004B1139 /* UserNotificationsUI.framework */,
			);
			name = Frameworks;
			sourceTree = "<group>";
		};
		35C3C5DE20304B95004B1139 /* NotificationContentExtension */ = {
			isa = PBXGroup;
			children = (
				354BE1D1203DE14A00355A6F /* NotificationContentExtension.entitlements */,
				35C3C5DF20304B95004B1139 /* NotificationViewController.swift */,
				35C3C5E120304B95004B1139 /* MainInterface.storyboard */,
				35C3C5E420304B95004B1139 /* Info.plist */,
			);
			path = NotificationContentExtension;
			sourceTree = "<group>";
		};
/* End PBXGroup section */

/* Begin PBXNativeTarget section */
		35338996202F8B03003CDE45 /* BeaconNotifications */ = {
			isa = PBXNativeTarget;
			buildConfigurationList = 353389B4202F8B03003CDE45 /* Build configuration list for PBXNativeTarget "BeaconNotifications" */;
			buildPhases = (
				35338993202F8B03003CDE45 /* Sources */,
				35338994202F8B03003CDE45 /* Frameworks */,
				35338995202F8B03003CDE45 /* Resources */,
				35C3C5EB20304B95004B1139 /* Embed App Extensions */,
			);
			buildRules = (
			);
			dependencies = (
				35C3C5E620304B95004B1139 /* PBXTargetDependency */,
			);
			name = BeaconNotifications;
			productName = BeaconNotifications;
			productReference = 35338997202F8B03003CDE45 /* BeaconNotifications.app */;
			productType = "com.apple.product-type.application";
		};
		353389AA202F8B03003CDE45 /* BeaconNotificationsTests */ = {
			isa = PBXNativeTarget;
			buildConfigurationList = 353389B7202F8B03003CDE45 /* Build configuration list for PBXNativeTarget "BeaconNotificationsTests" */;
			buildPhases = (
				353389A7202F8B03003CDE45 /* Sources */,
				353389A8202F8B03003CDE45 /* Frameworks */,
				353389A9202F8B03003CDE45 /* Resources */,
			);
			buildRules = (
			);
			dependencies = (
				353389AD202F8B03003CDE45 /* PBXTargetDependency */,
			);
			name = BeaconNotificationsTests;
			productName = BeaconNotificationsTests;
			productReference = 353389AB202F8B03003CDE45 /* BeaconNotificationsTests.xctest */;
			productType = "com.apple.product-type.bundle.unit-test";
		};
		35C3C5D720304B95004B1139 /* NotificationContentExtension */ = {
			isa = PBXNativeTarget;
			buildConfigurationList = 35C3C5EA20304B95004B1139 /* Build configuration list for PBXNativeTarget "NotificationContentExtension" */;
			buildPhases = (
				35C3C5D420304B95004B1139 /* Sources */,
				35C3C5D520304B95004B1139 /* Frameworks */,
				35C3C5D620304B95004B1139 /* Resources */,
			);
			buildRules = (
			);
			dependencies = (
			);
			name = NotificationContentExtension;
			productName = NotificationContentExtension;
			productReference = 35C3C5D820304B95004B1139 /* NotificationContentExtension.appex */;
			productType = "com.apple.product-type.app-extension";
		};
/* End PBXNativeTarget section */

/* Begin PBXProject section */
		3533898F202F8B03003CDE45 /* Project object */ = {
			isa = PBXProject;
			attributes = {
				LastSwiftUpdateCheck = 0920;
				LastUpgradeCheck = 0920;
				ORGANIZATIONNAME = "Michal Moskala";
				TargetAttributes = {
					35338996202F8B03003CDE45 = {
						CreatedOnToolsVersion = 9.2;
						ProvisioningStyle = Automatic;
						SystemCapabilities = {
							com.apple.ApplicationGroups.iOS = {
								enabled = 1;
							};
						};
					};
					353389AA202F8B03003CDE45 = {
						CreatedOnToolsVersion = 9.2;
						ProvisioningStyle = Automatic;
						TestTargetID = 35338996202F8B03003CDE45;
					};
					35C3C5D720304B95004B1139 = {
						CreatedOnToolsVersion = 9.2;
						ProvisioningStyle = Automatic;
						SystemCapabilities = {
							com.apple.ApplicationGroups.iOS = {
								enabled = 1;
							};
						};
					};
				};
			};
			buildConfigurationList = 35338992202F8B03003CDE45 /* Build configuration list for PBXProject "BeaconNotifications" */;
			compatibilityVersion = "Xcode 8.0";
			developmentRegion = en;
			hasScannedForEncodings = 0;
			knownRegions = (
				en,
				Base,
			);
			mainGroup = 3533898E202F8B03003CDE45;
			productRefGroup = 35338998202F8B03003CDE45 /* Products */;
			projectDirPath = "";
			projectRoot = "";
			targets = (
				35338996202F8B03003CDE45 /* BeaconNotifications */,
				353389AA202F8B03003CDE45 /* BeaconNotificationsTests */,
				35C3C5D720304B95004B1139 /* NotificationContentExtension */,
			);
		};
/* End PBXProject section */

/* Begin PBXResourcesBuildPhase section */
		35338995202F8B03003CDE45 /* Resources */ = {
			isa = PBXResourcesBuildPhase;
			buildActionMask = 2147483647;
			files = (
				353389A5202F8B03003CDE45 /* LaunchScreen.storyboard in Resources */,
				353389A2202F8B03003CDE45 /* Assets.xcassets in Resources */,
				353389A0202F8B03003CDE45 /* Main.storyboard in Resources */,
			);
			runOnlyForDeploymentPostprocessing = 0;
		};
		353389A9202F8B03003CDE45 /* Resources */ = {
			isa = PBXResourcesBuildPhase;
			buildActionMask = 2147483647;
			files = (
			);
			runOnlyForDeploymentPostprocessing = 0;
		};
		35C3C5D620304B95004B1139 /* Resources */ = {
			isa = PBXResourcesBuildPhase;
			buildActionMask = 2147483647;
			files = (
				35C3C5E320304B95004B1139 /* MainInterface.storyboard in Resources */,
			);
			runOnlyForDeploymentPostprocessing = 0;
		};
/* End PBXResourcesBuildPhase section */

/* Begin PBXSourcesBuildPhase section */
		35338993202F8B03003CDE45 /* Sources */ = {
			isa = PBXSourcesBuildPhase;
			buildActionMask = 2147483647;
			files = (
				3533899D202F8B03003CDE45 /* ViewController.swift in Sources */,
				3558B9A5204082F4006B1C38 /* TabBarController.swift in Sources */,
				35F186262030381700C68085 /* BeaconMonitor.swift in Sources */,
				3557ED3F20385B9C008DEB28 /* BeaconRegionNotificationScheduler.swift in Sources */,
				354BE1D4203DE1A800355A6F /* CoreDataStack.swift in Sources */,
				354BE1D6203DE26D00355A6F /* Constants.swift in Sources */,
				354BE1D8203DE37D00355A6F /* FileManager+Extensions.swift in Sources */,
				35A91ECB2041B3A100219B78 /* BeaconRegion+CoreDataProperties.swift in Sources */,
				354BE1DB203DE43000355A6F /* DataModel.xcdatamodeld in Sources */,
				354BE1E3203F347400355A6F /* ImageRepository.swift in Sources */,
				3557ED3D203856EB008DEB28 /* NotificationManager.swift in Sources */,
				3558B9A720408339006B1C38 /* BeaconListViewController.swift in Sources */,
				3533899B202F8B03003CDE45 /* AppDelegate.swift in Sources */,
				354BE1DE203DE46100355A6F /* Image+CoreDataClass.swift in Sources */,
				354BE1DF203DE46100355A6F /* Image+CoreDataProperties.swift in Sources */,
				35A91ECA2041B3A100219B78 /* BeaconRegion+CoreDataClass.swift in Sources */,
			);
			runOnlyForDeploymentPostprocessing = 0;
		};
		353389A7202F8B03003CDE45 /* Sources */ = {
			isa = PBXSourcesBuildPhase;
			buildActionMask = 2147483647;
			files = (
				353389B0202F8B03003CDE45 /* BeaconNotificationsTests.swift in Sources */,
			);
			runOnlyForDeploymentPostprocessing = 0;
		};
		35C3C5D420304B95004B1139 /* Sources */ = {
			isa = PBXSourcesBuildPhase;
			buildActionMask = 2147483647;
			files = (
				354BE1E1203DE46E00355A6F /* Image+CoreDataClass.swift in Sources */,
				35C3C5E020304B95004B1139 /* NotificationViewController.swift in Sources */,
				354BE1E0203DE46500355A6F /* Image+CoreDataProperties.swift in Sources */,
			);
			runOnlyForDeploymentPostprocessing = 0;
		};
/* End PBXSourcesBuildPhase section */

/* Begin PBXTargetDependency section */
		353389AD202F8B03003CDE45 /* PBXTargetDependency */ = {
			isa = PBXTargetDependency;
			target = 35338996202F8B03003CDE45 /* BeaconNotifications */;
			targetProxy = 353389AC202F8B03003CDE45 /* PBXContainerItemProxy */;
		};
		35C3C5E620304B95004B1139 /* PBXTargetDependency */ = {
			isa = PBXTargetDependency;
			target = 35C3C5D720304B95004B1139 /* NotificationContentExtension */;
			targetProxy = 35C3C5E520304B95004B1139 /* PBXContainerItemProxy */;
		};
/* End PBXTargetDependency section */

/* Begin PBXVariantGroup section */
		3533899E202F8B03003CDE45 /* Main.storyboard */ = {
			isa = PBXVariantGroup;
			children = (
				3533899F202F8B03003CDE45 /* Base */,
			);
			name = Main.storyboard;
			sourceTree = "<group>";
		};
		353389A3202F8B03003CDE45 /* LaunchScreen.storyboard */ = {
			isa = PBXVariantGroup;
			children = (
				353389A4202F8B03003CDE45 /* Base */,
			);
			name = LaunchScreen.storyboard;
			sourceTree = "<group>";
		};
		35C3C5E120304B95004B1139 /* MainInterface.storyboard */ = {
			isa = PBXVariantGroup;
			children = (
				35C3C5E220304B95004B1139 /* Base */,
			);
			name = MainInterface.storyboard;
			sourceTree = "<group>";
		};
/* End PBXVariantGroup section */

/* Begin XCBuildConfiguration section */
		353389B2202F8B03003CDE45 /* Debug */ = {
			isa = XCBuildConfiguration;
			buildSettings = {
				ALWAYS_SEARCH_USER_PATHS = NO;
				CLANG_ANALYZER_NONNULL = YES;
				CLANG_ANALYZER_NUMBER_OBJECT_CONVERSION = YES_AGGRESSIVE;
				CLANG_CXX_LANGUAGE_STANDARD = "gnu++14";
				CLANG_CXX_LIBRARY = "libc++";
				CLANG_ENABLE_MODULES = YES;
				CLANG_ENABLE_OBJC_ARC = YES;
				CLANG_WARN_BLOCK_CAPTURE_AUTORELEASING = YES;
				CLANG_WARN_BOOL_CONVERSION = YES;
				CLANG_WARN_COMMA = YES;
				CLANG_WARN_CONSTANT_CONVERSION = YES;
				CLANG_WARN_DIRECT_OBJC_ISA_USAGE = YES_ERROR;
				CLANG_WARN_DOCUMENTATION_COMMENTS = YES;
				CLANG_WARN_EMPTY_BODY = YES;
				CLANG_WARN_ENUM_CONVERSION = YES;
				CLANG_WARN_INFINITE_RECURSION = YES;
				CLANG_WARN_INT_CONVERSION = YES;
				CLANG_WARN_NON_LITERAL_NULL_CONVERSION = YES;
				CLANG_WARN_OBJC_LITERAL_CONVERSION = YES;
				CLANG_WARN_OBJC_ROOT_CLASS = YES_ERROR;
				CLANG_WARN_RANGE_LOOP_ANALYSIS = YES;
				CLANG_WARN_STRICT_PROTOTYPES = YES;
				CLANG_WARN_SUSPICIOUS_MOVE = YES;
				CLANG_WARN_UNGUARDED_AVAILABILITY = YES_AGGRESSIVE;
				CLANG_WARN_UNREACHABLE_CODE = YES;
				CLANG_WARN__DUPLICATE_METHOD_MATCH = YES;
				CODE_SIGN_IDENTITY = "iPhone Developer";
				COPY_PHASE_STRIP = NO;
				DEBUG_INFORMATION_FORMAT = dwarf;
				ENABLE_STRICT_OBJC_MSGSEND = YES;
				ENABLE_TESTABILITY = YES;
				GCC_C_LANGUAGE_STANDARD = gnu11;
				GCC_DYNAMIC_NO_PIC = NO;
				GCC_NO_COMMON_BLOCKS = YES;
				GCC_OPTIMIZATION_LEVEL = 0;
				GCC_PREPROCESSOR_DEFINITIONS = (
					"DEBUG=1",
					"$(inherited)",
				);
				GCC_WARN_64_TO_32_BIT_CONVERSION = YES;
				GCC_WARN_ABOUT_RETURN_TYPE = YES_ERROR;
				GCC_WARN_UNDECLARED_SELECTOR = YES;
				GCC_WARN_UNINITIALIZED_AUTOS = YES_AGGRESSIVE;
				GCC_WARN_UNUSED_FUNCTION = YES;
				GCC_WARN_UNUSED_VARIABLE = YES;
				IPHONEOS_DEPLOYMENT_TARGET = 11.2;
				MTL_ENABLE_DEBUG_INFO = YES;
				ONLY_ACTIVE_ARCH = YES;
				SDKROOT = iphoneos;
				SWIFT_ACTIVE_COMPILATION_CONDITIONS = DEBUG;
				SWIFT_OPTIMIZATION_LEVEL = "-Onone";
			};
			name = Debug;
		};
		353389B3202F8B03003CDE45 /* Release */ = {
			isa = XCBuildConfiguration;
			buildSettings = {
				ALWAYS_SEARCH_USER_PATHS = NO;
				CLANG_ANALYZER_NONNULL = YES;
				CLANG_ANALYZER_NUMBER_OBJECT_CONVERSION = YES_AGGRESSIVE;
				CLANG_CXX_LANGUAGE_STANDARD = "gnu++14";
				CLANG_CXX_LIBRARY = "libc++";
				CLANG_ENABLE_MODULES = YES;
				CLANG_ENABLE_OBJC_ARC = YES;
				CLANG_WARN_BLOCK_CAPTURE_AUTORELEASING = YES;
				CLANG_WARN_BOOL_CONVERSION = YES;
				CLANG_WARN_COMMA = YES;
				CLANG_WARN_CONSTANT_CONVERSION = YES;
				CLANG_WARN_DIRECT_OBJC_ISA_USAGE = YES_ERROR;
				CLANG_WARN_DOCUMENTATION_COMMENTS = YES;
				CLANG_WARN_EMPTY_BODY = YES;
				CLANG_WARN_ENUM_CONVERSION = YES;
				CLANG_WARN_INFINITE_RECURSION = YES;
				CLANG_WARN_INT_CONVERSION = YES;
				CLANG_WARN_NON_LITERAL_NULL_CONVERSION = YES;
				CLANG_WARN_OBJC_LITERAL_CONVERSION = YES;
				CLANG_WARN_OBJC_ROOT_CLASS = YES_ERROR;
				CLANG_WARN_RANGE_LOOP_ANALYSIS = YES;
				CLANG_WARN_STRICT_PROTOTYPES = YES;
				CLANG_WARN_SUSPICIOUS_MOVE = YES;
				CLANG_WARN_UNGUARDED_AVAILABILITY = YES_AGGRESSIVE;
				CLANG_WARN_UNREACHABLE_CODE = YES;
				CLANG_WARN__DUPLICATE_METHOD_MATCH = YES;
				CODE_SIGN_IDENTITY = "iPhone Developer";
				COPY_PHASE_STRIP = NO;
				DEBUG_INFORMATION_FORMAT = "dwarf-with-dsym";
				ENABLE_NS_ASSERTIONS = NO;
				ENABLE_STRICT_OBJC_MSGSEND = YES;
				GCC_C_LANGUAGE_STANDARD = gnu11;
				GCC_NO_COMMON_BLOCKS = YES;
				GCC_WARN_64_TO_32_BIT_CONVERSION = YES;
				GCC_WARN_ABOUT_RETURN_TYPE = YES_ERROR;
				GCC_WARN_UNDECLARED_SELECTOR = YES;
				GCC_WARN_UNINITIALIZED_AUTOS = YES_AGGRESSIVE;
				GCC_WARN_UNUSED_FUNCTION = YES;
				GCC_WARN_UNUSED_VARIABLE = YES;
				IPHONEOS_DEPLOYMENT_TARGET = 11.2;
				MTL_ENABLE_DEBUG_INFO = NO;
				SDKROOT = iphoneos;
				SWIFT_OPTIMIZATION_LEVEL = "-Owholemodule";
				VALIDATE_PRODUCT = YES;
			};
			name = Release;
		};
		353389B5202F8B03003CDE45 /* Debug */ = {
			isa = XCBuildConfiguration;
			buildSettings = {
				ALWAYS_EMBED_SWIFT_STANDARD_LIBRARIES = YES;
				ASSETCATALOG_COMPILER_APPICON_NAME = AppIcon;
				CODE_SIGN_ENTITLEMENTS = BeaconNotifications/BeaconNotifications.entitlements;
				CODE_SIGN_STYLE = Automatic;
				DEVELOPMENT_TEAM = R77HUFLYN8;
				INFOPLIST_FILE = BeaconNotifications/Info.plist;
				LD_RUNPATH_SEARCH_PATHS = "$(inherited) @executable_path/Frameworks";
				PRODUCT_BUNDLE_IDENTIFIER = michal.moskala.BeaconNotifications;
				PRODUCT_NAME = "$(TARGET_NAME)";
				SWIFT_VERSION = 4.0;
				TARGETED_DEVICE_FAMILY = "1,2";
			};
			name = Debug;
		};
		353389B6202F8B03003CDE45 /* Release */ = {
			isa = XCBuildConfiguration;
			buildSettings = {
				ALWAYS_EMBED_SWIFT_STANDARD_LIBRARIES = YES;
				ASSETCATALOG_COMPILER_APPICON_NAME = AppIcon;
				CODE_SIGN_ENTITLEMENTS = BeaconNotifications/BeaconNotifications.entitlements;
				CODE_SIGN_STYLE = Automatic;
				DEVELOPMENT_TEAM = R77HUFLYN8;
				INFOPLIST_FILE = BeaconNotifications/Info.plist;
				LD_RUNPATH_SEARCH_PATHS = "$(inherited) @executable_path/Frameworks";
				PRODUCT_BUNDLE_IDENTIFIER = michal.moskala.BeaconNotifications;
				PRODUCT_NAME = "$(TARGET_NAME)";
				SWIFT_VERSION = 4.0;
				TARGETED_DEVICE_FAMILY = "1,2";
			};
			name = Release;
		};
		353389B8202F8B03003CDE45 /* Debug */ = {
			isa = XCBuildConfiguration;
			buildSettings = {
				ALWAYS_EMBED_SWIFT_STANDARD_LIBRARIES = YES;
				BUNDLE_LOADER = "$(TEST_HOST)";
				CODE_SIGN_STYLE = Automatic;
				DEVELOPMENT_TEAM = R77HUFLYN8;
				INFOPLIST_FILE = BeaconNotificationsTests/Info.plist;
				LD_RUNPATH_SEARCH_PATHS = "$(inherited) @executable_path/Frameworks @loader_path/Frameworks";
				PRODUCT_BUNDLE_IDENTIFIER = michal.moskala.BeaconNotificationsTests;
				PRODUCT_NAME = "$(TARGET_NAME)";
				SWIFT_VERSION = 4.0;
				TARGETED_DEVICE_FAMILY = "1,2";
				TEST_HOST = "$(BUILT_PRODUCTS_DIR)/BeaconNotifications.app/BeaconNotifications";
			};
			name = Debug;
		};
		353389B9202F8B03003CDE45 /* Release */ = {
			isa = XCBuildConfiguration;
			buildSettings = {
				ALWAYS_EMBED_SWIFT_STANDARD_LIBRARIES = YES;
				BUNDLE_LOADER = "$(TEST_HOST)";
				CODE_SIGN_STYLE = Automatic;
				DEVELOPMENT_TEAM = R77HUFLYN8;
				INFOPLIST_FILE = BeaconNotificationsTests/Info.plist;
				LD_RUNPATH_SEARCH_PATHS = "$(inherited) @executable_path/Frameworks @loader_path/Frameworks";
				PRODUCT_BUNDLE_IDENTIFIER = michal.moskala.BeaconNotificationsTests;
				PRODUCT_NAME = "$(TARGET_NAME)";
				SWIFT_VERSION = 4.0;
				TARGETED_DEVICE_FAMILY = "1,2";
				TEST_HOST = "$(BUILT_PRODUCTS_DIR)/BeaconNotifications.app/BeaconNotifications";
			};
			name = Release;
		};
		35C3C5E820304B95004B1139 /* Debug */ = {
			isa = XCBuildConfiguration;
			buildSettings = {
				CODE_SIGN_ENTITLEMENTS = NotificationContentExtension/NotificationContentExtension.entitlements;
				CODE_SIGN_STYLE = Automatic;
				DEVELOPMENT_TEAM = R77HUFLYN8;
				INFOPLIST_FILE = NotificationContentExtension/Info.plist;
				LD_RUNPATH_SEARCH_PATHS = "$(inherited) @executable_path/Frameworks @executable_path/../../Frameworks";
				PRODUCT_BUNDLE_IDENTIFIER = michal.moskala.BeaconNotifications.NotificationContentExtension;
				PRODUCT_NAME = "$(TARGET_NAME)";
				SKIP_INSTALL = YES;
				SWIFT_VERSION = 4.0;
				TARGETED_DEVICE_FAMILY = "1,2";
			};
			name = Debug;
		};
		35C3C5E920304B95004B1139 /* Release */ = {
			isa = XCBuildConfiguration;
			buildSettings = {
				CODE_SIGN_ENTITLEMENTS = NotificationContentExtension/NotificationContentExtension.entitlements;
				CODE_SIGN_STYLE = Automatic;
				DEVELOPMENT_TEAM = R77HUFLYN8;
				INFOPLIST_FILE = NotificationContentExtension/Info.plist;
				LD_RUNPATH_SEARCH_PATHS = "$(inherited) @executable_path/Frameworks @executable_path/../../Frameworks";
				PRODUCT_BUNDLE_IDENTIFIER = michal.moskala.BeaconNotifications.NotificationContentExtension;
				PRODUCT_NAME = "$(TARGET_NAME)";
				SKIP_INSTALL = YES;
				SWIFT_VERSION = 4.0;
				TARGETED_DEVICE_FAMILY = "1,2";
			};
			name = Release;
		};
/* End XCBuildConfiguration section */

/* Begin XCConfigurationList section */
		35338992202F8B03003CDE45 /* Build configuration list for PBXProject "BeaconNotifications" */ = {
			isa = XCConfigurationList;
			buildConfigurations = (
				353389B2202F8B03003CDE45 /* Debug */,
				353389B3202F8B03003CDE45 /* Release */,
			);
			defaultConfigurationIsVisible = 0;
			defaultConfigurationName = Release;
		};
		353389B4202F8B03003CDE45 /* Build configuration list for PBXNativeTarget "BeaconNotifications" */ = {
			isa = XCConfigurationList;
			buildConfigurations = (
				353389B5202F8B03003CDE45 /* Debug */,
				353389B6202F8B03003CDE45 /* Release */,
			);
			defaultConfigurationIsVisible = 0;
			defaultConfigurationName = Release;
		};
		353389B7202F8B03003CDE45 /* Build configuration list for PBXNativeTarget "BeaconNotificationsTests" */ = {
			isa = XCConfigurationList;
			buildConfigurations = (
				353389B8202F8B03003CDE45 /* Debug */,
				353389B9202F8B03003CDE45 /* Release */,
			);
			defaultConfigurationIsVisible = 0;
			defaultConfigurationName = Release;
		};
		35C3C5EA20304B95004B1139 /* Build configuration list for PBXNativeTarget "NotificationContentExtension" */ = {
			isa = XCConfigurationList;
			buildConfigurations = (
				35C3C5E820304B95004B1139 /* Debug */,
				35C3C5E920304B95004B1139 /* Release */,
			);
			defaultConfigurationIsVisible = 0;
			defaultConfigurationName = Release;
		};
/* End XCConfigurationList section */

/* Begin XCVersionGroup section */
		354BE1D9203DE43000355A6F /* DataModel.xcdatamodeld */ = {
			isa = XCVersionGroup;
			children = (
				354BE1DA203DE43000355A6F /* DataModel.xcdatamodel */,
			);
			currentVersion = 354BE1DA203DE43000355A6F /* DataModel.xcdatamodel */;
			path = DataModel.xcdatamodeld;
			sourceTree = "<group>";
			versionGroupType = wrapper.xcdatamodel;
		};
/* End XCVersionGroup section */
	};
	rootObject = 3533898F202F8B03003CDE45 /* Project object */;
}
